github.com/ttd2089/shellout v0.0.0-20221203132534-0b33d815451e h1:J67IqeOOCFf6nEXIy+VZYCqlMdFVBEgZIeKQaNYrXxk=
github.com/ttd2089/shellout v0.0.0-20221203132534-0b33d815451e/go.mod h1:E77Gx5CdxKq81qtCx6aSfL0uCRjURRfevp0d00HdVoY=
github.com/ttd2089/shgit v0.0.0-20221204120552-96f9617aaabe h1:BHHGsS85RLsBsCmWhPVj+ZSKJTrjA6grxoVra8IIgrE=
github.com/ttd2089/shgit v0.0.0-20221204120552-96f9617aaabe/go.mod h1:6Nz89T7CBnCm+SKGSEdsm6W4cnQK8FKO2Qp9/zGbe70=
github.com/ttd2089/tyers v0.0.0-20221203135342-e884c3d5e9d9 h1:qD/9vfb0+QQMdr00EtkiRkJyyYSE1kXQQ9uwxW8t3hw=
github.com/ttd2089/tyers v0.0.0-20221203135342-e884c3d5e9d9/go.mod h1:0XJtbQESJPy4LxtkcDfLuH9MP+98JCSS/1Pvx9qNiJY=
